
Microsoft Visual Studio Solution File, Format Version 12.00
# Visual Studio Version 17
VisualStudioVersion = 17.5.002.0
MinimumVisualStudioVersion = 10.0.40219.1
Project("{9A19103F-16F7-4668-BE54-9A1E7A4F7556}") = "binarySearch", "binarySearch.csproj", "{81FB9C38-305C-4CC3-8FCA-3C4942CBDBDF}"
EndProject
Global
	GlobalSection(SolutionConfigurationPlatforms) = preSolution
		Debug|Any CPU = Debug|Any CPU
		Release|Any CPU = Release|Any CPU
	EndGlobalSection
	GlobalSection(ProjectConfigurationPlatforms) = postSolution
		{81FB9C38-305C-4CC3-8FCA-3C4942CBDBDF}.Debug|Any CPU.ActiveCfg = Debug|Any CPU
		{81FB9C38-305C-4CC3-8FCA-3C4942CBDBDF}.Debug|Any CPU.Build.0 = Debug|Any CPU
		{81FB9C38-305C-4CC3-8FCA-3C4942CBDBDF}.Release|Any CPU.ActiveCfg = Release|Any CPU
		{81FB9C38-305C-4CC3-8FCA-3C4942CBDBDF}.Release|Any CPU.Build.0 = Release|Any CPU
	EndGlobalSection
	GlobalSection(SolutionProperties) = preSolution
		HideSolutionNode = FALSE
	EndGlobalSection
	GlobalSection(ExtensibilityGlobals) = postSolution
		SolutionGuid = {4F587861-DA72-448F-B7C9-9BA292293E08}
	EndGlobalSection
EndGlobal
